FORGE
  remote: https://forgeapi.puppetlabs.com
  specs:
    crayfishx-firewalld (3.1.4)
      puppetlabs-stdlib (< 5.0.0, >= 4.2.0)
    jlambert121-trusted_ca (1.1.0)
      puppetlabs-stdlib (< 5.0.0, >= 3.2.0)
    puppet-archive (1.1.2)
      puppetlabs-stdlib (< 5.0.0, >= 4.2.0)
    puppetlabs-java_ks (1.4.1)
    puppetlabs-stdlib (4.12.0)

GIT
  remote: git@github.com:EuPathDB/puppet-ebrc_java.git
  ref: master
  sha: 5434fa8c13d2dc4987530b5d9e713f05b9d93841
  specs:
    ebrc-ebrc_java (0.1.0)

GIT
  remote: git@github.com:EuPathDB/puppet-ebrc_jenkins.git
  ref: master
  sha: a31c44dc36dd8edd1235ee0e66f19fd37da6db01
  specs:
    ebrc-ebrc_jenkins (0.1.0)
      puppet-archive (>= 0)

GIT
  remote: git@github.com:EuPathDB/puppet-ebrc_yum_repo.git
  ref: master
  sha: 2e75a0de6b7e4da022a1a4de7ee5306b5fcc0a4d
  specs:
    ebrc-ebrc_yum_repo (0.1.0)
      puppetlabs-stdlib (>= 1.0.0)

PATH
  remote: ./src/profiles
  specs:
    local-profiles (0.0.0)
      crayfishx-firewalld (>= 0)
      ebrc-ebrc_java (>= 0)
      ebrc-ebrc_jenkins (>= 0)
      ebrc-ebrc_yum_repo (>= 0)
      jlambert121-trusted_ca (>= 0)
      puppetlabs-stdlib (>= 0)

DEPENDENCIES
  crayfishx-firewalld (>= 0)
  ebrc-ebrc_java (>= 0)
  ebrc-ebrc_jenkins (>= 0)
  ebrc-ebrc_yum_repo (>= 0)
  jlambert121-trusted_ca (>= 0)
  local-profiles (>= 0)
  puppet-archive (>= 0)
  puppetlabs-java_ks (>= 0)
  puppetlabs-stdlib (>= 0)

